
Microsoft Visual Studio Solution File, Format Version 12.00
# Visual Studio Version 17
VisualStudioVersion = 17.0.31919.166
MinimumVisualStudioVersion = 10.0.40219.1
Project("{FAE04EC0-301F-11D3-BF4B-00C04F79EFBC}") = "BasketballSharp", "BasketballSharp\BasketballSharp.csproj", "{0F81ECDF-B84F-447F-9588-B3C7C87D5B25}"
EndProject
Project("{FAE04EC0-301F-11D3-BF4B-00C04F79EFBC}") = "ExampleApp", "ExampleApp\ExampleApp.csproj", "{83E7DC92-12C2-4D82-ABC4-CF80C0AA74F8}"
EndProject
Global
	GlobalSection(SolutionConfigurationPlatforms) = preSolution
		Debug|Any CPU = Debug|Any CPU
		Release|Any CPU = Release|Any CPU
	EndGlobalSection
	GlobalSection(ProjectConfigurationPlatforms) = postSolution
		{0F81ECDF-B84F-447F-9588-B3C7C87D5B25}.Debug|Any CPU.ActiveCfg = Debug|Any CPU
		{0F81ECDF-B84F-447F-9588-B3C7C87D5B25}.Debug|Any CPU.Build.0 = Debug|Any CPU
		{0F81ECDF-B84F-447F-9588-B3C7C87D5B25}.Release|Any CPU.ActiveCfg = Release|Any CPU
		{0F81ECDF-B84F-447F-9588-B3C7C87D5B25}.Release|Any CPU.Build.0 = Release|Any CPU
		{83E7DC92-12C2-4D82-ABC4-CF80C0AA74F8}.Debug|Any CPU.ActiveCfg = Debug|Any CPU
		{83E7DC92-12C2-4D82-ABC4-CF80C0AA74F8}.Debug|Any CPU.Build.0 = Debug|Any CPU
		{83E7DC92-12C2-4D82-ABC4-CF80C0AA74F8}.Release|Any CPU.ActiveCfg = Release|Any CPU
		{83E7DC92-12C2-4D82-ABC4-CF80C0AA74F8}.Release|Any CPU.Build.0 = Release|Any CPU
	EndGlobalSection
	GlobalSection(SolutionProperties) = preSolution
		HideSolutionNode = FALSE
	EndGlobalSection
	GlobalSection(ExtensibilityGlobals) = postSolution
		SolutionGuid = {77372584-E24C-48FB-8EC1-C4474A15B68C}
	EndGlobalSection
EndGlobal
